{
  "pins" : [
    {
      "identity" : "cocoalumberjack",
      "kind" : "remoteSourceControl",
      "location" : "https://github.com/CocoaLumberjack/CocoaLumberjack.git",
      "state" : {
        "branch" : "master",
        "revision" : "851ccad86b7789c03a9d0c20b0445d30e187b9d9"
      }
    },
    {
      "identity" : "swift-log",
      "kind" : "remoteSourceControl",
      "location" : "https://github.com/apple/swift-log.git",
      "state" : {
        "revision" : "32e8d724467f8fe623624570367e3d50c5638e46",
        "version" : "1.5.2"
      }
    },
    {
      "identity" : "yandoitemlibrary",
      "kind" : "remoteSourceControl",
      "location" : "https://github.com/masllova/YanDoItemLibrary.git",
      "state" : {
        "branch" : "main",
        "revision" : "3fa2d9cdcd7082edc673648a2913f0f625b665e7"
      }
    }
  ],
  "version" : 2
}
