// !$*UTF8*$!
{
	archiveVersion = 1;
	classes = {
	};
	objectVersion = 56;
	objects = {

/* Begin PBXBuildFile section */
		330DEF022A5DE2620077D8CA /* SQLite in Frameworks */ = {isa = PBXBuildFile; productRef = 330DEF012A5DE2620077D8CA /* SQLite */; };
		330DEF042A5DE2C80077D8CA /* SQLBase.swift in Sources */ = {isa = PBXBuildFile; fileRef = 330DEF032A5DE2C80077D8CA /* SQLBase.swift */; };
		330DEF0A2A5DF6050077D8CA /* yandoDatabase.db in Resources */ = {isa = PBXBuildFile; fileRef = 330DEF092A5DF6050077D8CA /* yandoDatabase.db */; };
		330FC01D2A5EE80200D7A468 /* yandoCoredata.xcdatamodeld in Sources */ = {isa = PBXBuildFile; fileRef = 330FC01B2A5EE80200D7A468 /* yandoCoredata.xcdatamodeld */; };
		330FC01F2A5EFD0F00D7A468 /* CoreDataBase.swift in Sources */ = {isa = PBXBuildFile; fileRef = 330FC01E2A5EFD0F00D7A468 /* CoreDataBase.swift */; };
		333028D92A5C85A60008D3AE /* CustomTableViewHeader.swift in Sources */ = {isa = PBXBuildFile; fileRef = 333028D82A5C85A60008D3AE /* CustomTableViewHeader.swift */; };
		333911412A5721AD0031E8C8 /* NetToDoItem.swift in Sources */ = {isa = PBXBuildFile; fileRef = 333911402A5721AD0031E8C8 /* NetToDoItem.swift */; };
		333911432A57242D0031E8C8 /* NetCollections.swift in Sources */ = {isa = PBXBuildFile; fileRef = 333911422A57242D0031E8C8 /* NetCollections.swift */; };
		333911452A5727D70031E8C8 /* NetworkingManager.swift in Sources */ = {isa = PBXBuildFile; fileRef = 333911442A5727D70031E8C8 /* NetworkingManager.swift */; };
		334055772A4F3C27003076F5 /* UIColorExtension.swift in Sources */ = {isa = PBXBuildFile; fileRef = 334055762A4F3C27003076F5 /* UIColorExtension.swift */; };
		334055792A4F4CC8003076F5 /* UIFontsExtension.swift in Sources */ = {isa = PBXBuildFile; fileRef = 334055782A4F4CC8003076F5 /* UIFontsExtension.swift */; };
		334055832A4F94B5003076F5 /* CocoaLumberjack in Frameworks */ = {isa = PBXBuildFile; productRef = 334055822A4F94B5003076F5 /* CocoaLumberjack */; };
		334055852A4F94B5003076F5 /* CocoaLumberjackSwift in Frameworks */ = {isa = PBXBuildFile; productRef = 334055842A4F94B5003076F5 /* CocoaLumberjackSwift */; };
		334055872A4F94B5003076F5 /* CocoaLumberjackSwiftLogBackend in Frameworks */ = {isa = PBXBuildFile; productRef = 334055862A4F94B5003076F5 /* CocoaLumberjackSwiftLogBackend */; };
		3340558C2A4F9582003076F5 /* Logger.swift in Sources */ = {isa = PBXBuildFile; fileRef = 3340558B2A4F9582003076F5 /* Logger.swift */; };
		334B59522A549F4C008CE597 /* URLSessionExtension .swift in Sources */ = {isa = PBXBuildFile; fileRef = 334B59512A549F4C008CE597 /* URLSessionExtension .swift */; };
		338BFD2F2A58DCAC003AFAF3 /* TextHightHelper.swift in Sources */ = {isa = PBXBuildFile; fileRef = 338BFD2E2A58DCAC003AFAF3 /* TextHightHelper.swift */; };
		338BFD332A58EE5E003AFAF3 /* SystemImages.swift in Sources */ = {isa = PBXBuildFile; fileRef = 338BFD322A58EE5E003AFAF3 /* SystemImages.swift */; };
		338BFD3C2A58F7B1003AFAF3 /* NetworkingService.swift in Sources */ = {isa = PBXBuildFile; fileRef = 338BFD3B2A58F7B1003AFAF3 /* NetworkingService.swift */; };
		338BFD412A58FDE0003AFAF3 /* DefaultNetworkingService.swift in Sources */ = {isa = PBXBuildFile; fileRef = 338BFD402A58FDE0003AFAF3 /* DefaultNetworkingService.swift */; };
		339600822A48623D00725B0E /* ToDoItem.swift in Sources */ = {isa = PBXBuildFile; fileRef = 339600812A48623D00725B0E /* ToDoItem.swift */; };
		339600862A4862B300725B0E /* DateFormatterExtension.swift in Sources */ = {isa = PBXBuildFile; fileRef = 339600852A4862B300725B0E /* DateFormatterExtension.swift */; };
		3396008A2A48648B00725B0E /* TaskScreenViewController.swift in Sources */ = {isa = PBXBuildFile; fileRef = 339600892A48648B00725B0E /* TaskScreenViewController.swift */; };
		3396008C2A4864BB00725B0E /* ViewElementsForTaskScreen.swift in Sources */ = {isa = PBXBuildFile; fileRef = 3396008B2A4864BB00725B0E /* ViewElementsForTaskScreen.swift */; };
		339600912A48668600725B0E /* SFProDisplay-Bold.ttf in Resources */ = {isa = PBXBuildFile; fileRef = 339600902A48668600725B0E /* SFProDisplay-Bold.ttf */; };
		339600932A48668E00725B0E /* SFProDisplay-Semibold.ttf in Resources */ = {isa = PBXBuildFile; fileRef = 339600922A48668E00725B0E /* SFProDisplay-Semibold.ttf */; };
		339600952A48669400725B0E /* SFProText-Regular.ttf in Resources */ = {isa = PBXBuildFile; fileRef = 339600942A48669400725B0E /* SFProText-Regular.ttf */; };
		339600972A48669900725B0E /* SFProText-Semibold.ttf in Resources */ = {isa = PBXBuildFile; fileRef = 339600962A48669900725B0E /* SFProText-Semibold.ttf */; };
		339600992A4B6BAA00725B0E /* ViewElementsForMainScreen.swift in Sources */ = {isa = PBXBuildFile; fileRef = 339600982A4B6BAA00725B0E /* ViewElementsForMainScreen.swift */; };
		3396009B2A4B6BF900725B0E /* AlignersForScreens.swift in Sources */ = {isa = PBXBuildFile; fileRef = 3396009A2A4B6BF900725B0E /* AlignersForScreens.swift */; };
		339600A02A4C7F5A00725B0E /* CustomTableViewCell.swift in Sources */ = {isa = PBXBuildFile; fileRef = 3396009F2A4C7F5A00725B0E /* CustomTableViewCell.swift */; };
		339600A42A4D9A8E00725B0E /* DataManager.swift in Sources */ = {isa = PBXBuildFile; fileRef = 339600A32A4D9A8E00725B0E /* DataManager.swift */; };
		33E0B0E62A618301009FC61C /* Text.swift in Sources */ = {isa = PBXBuildFile; fileRef = 33E0B0E52A618301009FC61C /* Text.swift */; };
		33E0B0E82A618707009FC61C /* Images.swift in Sources */ = {isa = PBXBuildFile; fileRef = 33E0B0E72A618707009FC61C /* Images.swift */; };
		33E0B0EB2A6190DD009FC61C /* NotificationCenter.swift in Sources */ = {isa = PBXBuildFile; fileRef = 33E0B0EA2A6190DD009FC61C /* NotificationCenter.swift */; };
		33E0B0ED2A620295009FC61C /* FileCache.swift in Sources */ = {isa = PBXBuildFile; fileRef = 33E0B0EC2A620295009FC61C /* FileCache.swift */; };
		33E33F142A46EC2B00D4E63C /* AppDelegate.swift in Sources */ = {isa = PBXBuildFile; fileRef = 33E33F132A46EC2B00D4E63C /* AppDelegate.swift */; };
		33E33F162A46EC2B00D4E63C /* SceneDelegate.swift in Sources */ = {isa = PBXBuildFile; fileRef = 33E33F152A46EC2B00D4E63C /* SceneDelegate.swift */; };
		33E33F182A46EC2B00D4E63C /* MainScreenViewController.swift in Sources */ = {isa = PBXBuildFile; fileRef = 33E33F172A46EC2B00D4E63C /* MainScreenViewController.swift */; };
		33E33F1D2A46EC2D00D4E63C /* Assets.xcassets in Resources */ = {isa = PBXBuildFile; fileRef = 33E33F1C2A46EC2D00D4E63C /* Assets.xcassets */; };
		33E33F202A46EC2D00D4E63C /* LaunchScreen.storyboard in Resources */ = {isa = PBXBuildFile; fileRef = 33E33F1E2A46EC2D00D4E63C /* LaunchScreen.storyboard */; };
		33E33F2B2A46EC2D00D4E63C /* YanDoTests.swift in Sources */ = {isa = PBXBuildFile; fileRef = 33E33F2A2A46EC2D00D4E63C /* YanDoTests.swift */; };
		33E33F352A46EC2D00D4E63C /* YanDoUITests.swift in Sources */ = {isa = PBXBuildFile; fileRef = 33E33F342A46EC2D00D4E63C /* YanDoUITests.swift */; };
		33E33F372A46EC2D00D4E63C /* YanDoUITestsLaunchTests.swift in Sources */ = {isa = PBXBuildFile; fileRef = 33E33F362A46EC2D00D4E63C /* YanDoUITestsLaunchTests.swift */; };
		39B1D2E439B1C2E4DA6E060A /* Pods_YanDo_YanDoUITests.framework in Frameworks */ = {isa = PBXBuildFile; fileRef = 81A1D5A03BA11476944AD78F /* Pods_YanDo_YanDoUITests.framework */; };
		5D93E92A6E44C7E67EA944ED /* Pods_YanDoTests.framework in Frameworks */ = {isa = PBXBuildFile; fileRef = 58BD9EF7DF96B6671A544495 /* Pods_YanDoTests.framework */; };
		C7CB81F8526862656B5C2F46 /* Pods_YanDo.framework in Frameworks */ = {isa = PBXBuildFile; fileRef = 5E91ACD02F243DABC65F0202 /* Pods_YanDo.framework */; };
/* End PBXBuildFile section */

/* Begin PBXContainerItemProxy section */
		33E33F272A46EC2D00D4E63C /* PBXContainerItemProxy */ = {
			isa = PBXContainerItemProxy;
			containerPortal = 33E33F082A46EC2B00D4E63C /* Project object */;
			proxyType = 1;
			remoteGlobalIDString = 33E33F0F2A46EC2B00D4E63C;
			remoteInfo = YanDo;
		};
		33E33F312A46EC2D00D4E63C /* PBXContainerItemProxy */ = {
			isa = PBXContainerItemProxy;
			containerPortal = 33E33F082A46EC2B00D4E63C /* Project object */;
			proxyType = 1;
			remoteGlobalIDString = 33E33F0F2A46EC2B00D4E63C;
			remoteInfo = YanDo;
		};
/* End PBXContainerItemProxy section */

/* Begin PBXFileReference section */
		105F97A6AB51FF1352992CDF /* Pods-YanDo.debug.xcconfig */ = {isa = PBXFileReference; includeInIndex = 1; lastKnownFileType = text.xcconfig; name = "Pods-YanDo.debug.xcconfig"; path = "Target Support Files/Pods-YanDo/Pods-YanDo.debug.xcconfig"; sourceTree = "<group>"; };
		330DEF032A5DE2C80077D8CA /* SQLBase.swift */ = {isa = PBXFileReference; lastKnownFileType = sourcecode.swift; path = SQLBase.swift; sourceTree = "<group>"; };
		330DEF092A5DF6050077D8CA /* yandoDatabase.db */ = {isa = PBXFileReference; lastKnownFileType = file; path = yandoDatabase.db; sourceTree = "<group>"; };
		330FC01C2A5EE80200D7A468 /* yandoCoredata.xcdatamodel */ = {isa = PBXFileReference; lastKnownFileType = wrapper.xcdatamodel; path = yandoCoredata.xcdatamodel; sourceTree = "<group>"; };
		330FC01E2A5EFD0F00D7A468 /* CoreDataBase.swift */ = {isa = PBXFileReference; lastKnownFileType = sourcecode.swift; path = CoreDataBase.swift; sourceTree = "<group>"; };
		333028D82A5C85A60008D3AE /* CustomTableViewHeader.swift */ = {isa = PBXFileReference; lastKnownFileType = sourcecode.swift; path = CustomTableViewHeader.swift; sourceTree = "<group>"; };
		333911402A5721AD0031E8C8 /* NetToDoItem.swift */ = {isa = PBXFileReference; lastKnownFileType = sourcecode.swift; path = NetToDoItem.swift; sourceTree = "<group>"; };
		333911422A57242D0031E8C8 /* NetCollections.swift */ = {isa = PBXFileReference; lastKnownFileType = sourcecode.swift; path = NetCollections.swift; sourceTree = "<group>"; };
		333911442A5727D70031E8C8 /* NetworkingManager.swift */ = {isa = PBXFileReference; lastKnownFileType = sourcecode.swift; path = NetworkingManager.swift; sourceTree = "<group>"; };
		334055762A4F3C27003076F5 /* UIColorExtension.swift */ = {isa = PBXFileReference; lastKnownFileType = sourcecode.swift; path = UIColorExtension.swift; sourceTree = "<group>"; };
		334055782A4F4CC8003076F5 /* UIFontsExtension.swift */ = {isa = PBXFileReference; lastKnownFileType = sourcecode.swift; path = UIFontsExtension.swift; sourceTree = "<group>"; };
		3340558B2A4F9582003076F5 /* Logger.swift */ = {isa = PBXFileReference; lastKnownFileType = sourcecode.swift; path = Logger.swift; sourceTree = "<group>"; };
		334B59512A549F4C008CE597 /* URLSessionExtension .swift */ = {isa = PBXFileReference; lastKnownFileType = sourcecode.swift; path = "URLSessionExtension .swift"; sourceTree = "<group>"; };
		338BFD2E2A58DCAC003AFAF3 /* TextHightHelper.swift */ = {isa = PBXFileReference; lastKnownFileType = sourcecode.swift; path = TextHightHelper.swift; sourceTree = "<group>"; };
		338BFD322A58EE5E003AFAF3 /* SystemImages.swift */ = {isa = PBXFileReference; lastKnownFileType = sourcecode.swift; path = SystemImages.swift; sourceTree = "<group>"; };
		338BFD3B2A58F7B1003AFAF3 /* NetworkingService.swift */ = {isa = PBXFileReference; lastKnownFileType = sourcecode.swift; path = NetworkingService.swift; sourceTree = "<group>"; };
		338BFD402A58FDE0003AFAF3 /* DefaultNetworkingService.swift */ = {isa = PBXFileReference; lastKnownFileType = sourcecode.swift; path = DefaultNetworkingService.swift; sourceTree = "<group>"; };
		339600812A48623D00725B0E /* ToDoItem.swift */ = {isa = PBXFileReference; lastKnownFileType = sourcecode.swift; path = ToDoItem.swift; sourceTree = "<group>"; };
		339600852A4862B300725B0E /* DateFormatterExtension.swift */ = {isa = PBXFileReference; lastKnownFileType = sourcecode.swift; path = DateFormatterExtension.swift; sourceTree = "<group>"; };
		339600892A48648B00725B0E /* TaskScreenViewController.swift */ = {isa = PBXFileReference; lastKnownFileType = sourcecode.swift; path = TaskScreenViewController.swift; sourceTree = "<group>"; };
		3396008B2A4864BB00725B0E /* ViewElementsForTaskScreen.swift */ = {isa = PBXFileReference; lastKnownFileType = sourcecode.swift; path = ViewElementsForTaskScreen.swift; sourceTree = "<group>"; };
		339600902A48668600725B0E /* SFProDisplay-Bold.ttf */ = {isa = PBXFileReference; lastKnownFileType = file; path = "SFProDisplay-Bold.ttf"; sourceTree = "<group>"; };
		339600922A48668E00725B0E /* SFProDisplay-Semibold.ttf */ = {isa = PBXFileReference; lastKnownFileType = file; path = "SFProDisplay-Semibold.ttf"; sourceTree = "<group>"; };
		339600942A48669400725B0E /* SFProText-Regular.ttf */ = {isa = PBXFileReference; lastKnownFileType = file; path = "SFProText-Regular.ttf"; sourceTree = "<group>"; };
		339600962A48669900725B0E /* SFProText-Semibold.ttf */ = {isa = PBXFileReference; lastKnownFileType = file; path = "SFProText-Semibold.ttf"; sourceTree = "<group>"; };
		339600982A4B6BAA00725B0E /* ViewElementsForMainScreen.swift */ = {isa = PBXFileReference; lastKnownFileType = sourcecode.swift; path = ViewElementsForMainScreen.swift; sourceTree = "<group>"; };
		3396009A2A4B6BF900725B0E /* AlignersForScreens.swift */ = {isa = PBXFileReference; lastKnownFileType = sourcecode.swift; path = AlignersForScreens.swift; sourceTree = "<group>"; };
		3396009F2A4C7F5A00725B0E /* CustomTableViewCell.swift */ = {isa = PBXFileReference; lastKnownFileType = sourcecode.swift; path = CustomTableViewCell.swift; sourceTree = "<group>"; };
		339600A32A4D9A8E00725B0E /* DataManager.swift */ = {isa = PBXFileReference; lastKnownFileType = sourcecode.swift; path = DataManager.swift; sourceTree = "<group>"; };
		33E0B0E52A618301009FC61C /* Text.swift */ = {isa = PBXFileReference; lastKnownFileType = sourcecode.swift; path = Text.swift; sourceTree = "<group>"; };
		33E0B0E72A618707009FC61C /* Images.swift */ = {isa = PBXFileReference; lastKnownFileType = sourcecode.swift; path = Images.swift; sourceTree = "<group>"; };
		33E0B0EA2A6190DD009FC61C /* NotificationCenter.swift */ = {isa = PBXFileReference; lastKnownFileType = sourcecode.swift; path = NotificationCenter.swift; sourceTree = "<group>"; };
		33E0B0EC2A620295009FC61C /* FileCache.swift */ = {isa = PBXFileReference; lastKnownFileType = sourcecode.swift; path = FileCache.swift; sourceTree = "<group>"; };
		33E33F102A46EC2B00D4E63C /* YanDo.app */ = {isa = PBXFileReference; explicitFileType = wrapper.application; includeInIndex = 0; path = YanDo.app; sourceTree = BUILT_PRODUCTS_DIR; };
		33E33F132A46EC2B00D4E63C /* AppDelegate.swift */ = {isa = PBXFileReference; lastKnownFileType = sourcecode.swift; path = AppDelegate.swift; sourceTree = "<group>"; };
		33E33F152A46EC2B00D4E63C /* SceneDelegate.swift */ = {isa = PBXFileReference; lastKnownFileType = sourcecode.swift; path = SceneDelegate.swift; sourceTree = "<group>"; };
		33E33F172A46EC2B00D4E63C /* MainScreenViewController.swift */ = {isa = PBXFileReference; lastKnownFileType = sourcecode.swift; path = MainScreenViewController.swift; sourceTree = "<group>"; };
		33E33F1C2A46EC2D00D4E63C /* Assets.xcassets */ = {isa = PBXFileReference; lastKnownFileType = folder.assetcatalog; path = Assets.xcassets; sourceTree = "<group>"; };
		33E33F1F2A46EC2D00D4E63C /* Base */ = {isa = PBXFileReference; lastKnownFileType = file.storyboard; name = Base; path = Base.lproj/LaunchScreen.storyboard; sourceTree = "<group>"; };
		33E33F212A46EC2D00D4E63C /* Info.plist */ = {isa = PBXFileReference; lastKnownFileType = text.plist.xml; path = Info.plist; sourceTree = "<group>"; };
		33E33F262A46EC2D00D4E63C /* YanDoTests.xctest */ = {isa = PBXFileReference; explicitFileType = wrapper.cfbundle; includeInIndex = 0; path = YanDoTests.xctest; sourceTree = BUILT_PRODUCTS_DIR; };
		33E33F2A2A46EC2D00D4E63C /* YanDoTests.swift */ = {isa = PBXFileReference; lastKnownFileType = sourcecode.swift; path = YanDoTests.swift; sourceTree = "<group>"; };
		33E33F302A46EC2D00D4E63C /* YanDoUITests.xctest */ = {isa = PBXFileReference; explicitFileType = wrapper.cfbundle; includeInIndex = 0; path = YanDoUITests.xctest; sourceTree = BUILT_PRODUCTS_DIR; };
		33E33F342A46EC2D00D4E63C /* YanDoUITests.swift */ = {isa = PBXFileReference; lastKnownFileType = sourcecode.swift; path = YanDoUITests.swift; sourceTree = "<group>"; };
		33E33F362A46EC2D00D4E63C /* YanDoUITestsLaunchTests.swift */ = {isa = PBXFileReference; lastKnownFileType = sourcecode.swift; path = YanDoUITestsLaunchTests.swift; sourceTree = "<group>"; };
		58BD9EF7DF96B6671A544495 /* Pods_YanDoTests.framework */ = {isa = PBXFileReference; explicitFileType = wrapper.framework; includeInIndex = 0; path = Pods_YanDoTests.framework; sourceTree = BUILT_PRODUCTS_DIR; };
		5E91ACD02F243DABC65F0202 /* Pods_YanDo.framework */ = {isa = PBXFileReference; explicitFileType = wrapper.framework; includeInIndex = 0; path = Pods_YanDo.framework; sourceTree = BUILT_PRODUCTS_DIR; };
		81A1D5A03BA11476944AD78F /* Pods_YanDo_YanDoUITests.framework */ = {isa = PBXFileReference; explicitFileType = wrapper.framework; includeInIndex = 0; path = Pods_YanDo_YanDoUITests.framework; sourceTree = BUILT_PRODUCTS_DIR; };
		8509F8B99EDAA557057253DB /* Pods-YanDo.release.xcconfig */ = {isa = PBXFileReference; includeInIndex = 1; lastKnownFileType = text.xcconfig; name = "Pods-YanDo.release.xcconfig"; path = "Target Support Files/Pods-YanDo/Pods-YanDo.release.xcconfig"; sourceTree = "<group>"; };
		858FB13B8B6948AFE803A232 /* Pods-YanDoTests.debug.xcconfig */ = {isa = PBXFileReference; includeInIndex = 1; lastKnownFileType = text.xcconfig; name = "Pods-YanDoTests.debug.xcconfig"; path = "Target Support Files/Pods-YanDoTests/Pods-YanDoTests.debug.xcconfig"; sourceTree = "<group>"; };
		9DD3E9FE4A70DE596F3FB5F6 /* Pods-YanDo-YanDoUITests.release.xcconfig */ = {isa = PBXFileReference; includeInIndex = 1; lastKnownFileType = text.xcconfig; name = "Pods-YanDo-YanDoUITests.release.xcconfig"; path = "Target Support Files/Pods-YanDo-YanDoUITests/Pods-YanDo-YanDoUITests.release.xcconfig"; sourceTree = "<group>"; };
		BC0A4B6743A8AE72FBC912E6 /* Pods-YanDoTests.release.xcconfig */ = {isa = PBXFileReference; includeInIndex = 1; lastKnownFileType = text.xcconfig; name = "Pods-YanDoTests.release.xcconfig"; path = "Target Support Files/Pods-YanDoTests/Pods-YanDoTests.release.xcconfig"; sourceTree = "<group>"; };
		F87C44F6F6795AEB5F870526 /* Pods-YanDo-YanDoUITests.debug.xcconfig */ = {isa = PBXFileReference; includeInIndex = 1; lastKnownFileType = text.xcconfig; name = "Pods-YanDo-YanDoUITests.debug.xcconfig"; path = "Target Support Files/Pods-YanDo-YanDoUITests/Pods-YanDo-YanDoUITests.debug.xcconfig"; sourceTree = "<group>"; };
/* End PBXFileReference section */

/* Begin PBXFrameworksBuildPhase section */
		33E33F0D2A46EC2B00D4E63C /* Frameworks */ = {
			isa = PBXFrameworksBuildPhase;
			buildActionMask = 2147483647;
			files = (
				330DEF022A5DE2620077D8CA /* SQLite in Frameworks */,
				334055832A4F94B5003076F5 /* CocoaLumberjack in Frameworks */,
				C7CB81F8526862656B5C2F46 /* Pods_YanDo.framework in Frameworks */,
				334055872A4F94B5003076F5 /* CocoaLumberjackSwiftLogBackend in Frameworks */,
				334055852A4F94B5003076F5 /* CocoaLumberjackSwift in Frameworks */,
			);
			runOnlyForDeploymentPostprocessing = 0;
		};
		33E33F232A46EC2D00D4E63C /* Frameworks */ = {
			isa = PBXFrameworksBuildPhase;
			buildActionMask = 2147483647;
			files = (
				5D93E92A6E44C7E67EA944ED /* Pods_YanDoTests.framework in Frameworks */,
			);
			runOnlyForDeploymentPostprocessing = 0;
		};
		33E33F2D2A46EC2D00D4E63C /* Frameworks */ = {
			isa = PBXFrameworksBuildPhase;
			buildActionMask = 2147483647;
			files = (
				39B1D2E439B1C2E4DA6E060A /* Pods_YanDo_YanDoUITests.framework in Frameworks */,
			);
			runOnlyForDeploymentPostprocessing = 0;
		};
/* End PBXFrameworksBuildPhase section */

/* Begin PBXGroup section */
		330FC0202A5F069F00D7A468 /* Databases */ = {
			isa = PBXGroup;
			children = (
				330FC01B2A5EE80200D7A468 /* yandoCoredata.xcdatamodeld */,
				330DEF092A5DF6050077D8CA /* yandoDatabase.db */,
			);
			path = Databases;
			sourceTree = "<group>";
		};
		3339113B2A56E8420031E8C8 /* Services */ = {
			isa = PBXGroup;
			children = (
				33E0B0EC2A620295009FC61C /* FileCache.swift */,
				330DEF032A5DE2C80077D8CA /* SQLBase.swift */,
				330FC01E2A5EFD0F00D7A468 /* CoreDataBase.swift */,
				338BFD3F2A58F7FF003AFAF3 /* Networking */,
			);
			path = Services;
			sourceTree = "<group>";
		};
		3339113F2A5721920031E8C8 /* NetworkingModels */ = {
			isa = PBXGroup;
			children = (
				333911402A5721AD0031E8C8 /* NetToDoItem.swift */,
				333911422A57242D0031E8C8 /* NetCollections.swift */,
				333911442A5727D70031E8C8 /* NetworkingManager.swift */,
			);
			path = NetworkingModels;
			sourceTree = "<group>";
		};
		334055882A4F94E3003076F5 /* Logger */ = {
			isa = PBXGroup;
			children = (
				3340558B2A4F9582003076F5 /* Logger.swift */,
			);
			path = Logger;
			sourceTree = "<group>";
		};
		338BFD3F2A58F7FF003AFAF3 /* Networking */ = {
			isa = PBXGroup;
			children = (
				338BFD3B2A58F7B1003AFAF3 /* NetworkingService.swift */,
				338BFD402A58FDE0003AFAF3 /* DefaultNetworkingService.swift */,
			);
			path = Networking;
			sourceTree = "<group>";
		};
		3396007C2A4861B100725B0E /* Assets */ = {
			isa = PBXGroup;
			children = (
				3396008F2A48661C00725B0E /* UIFonts */,
				33E0B0E52A618301009FC61C /* Text.swift */,
				338BFD2E2A58DCAC003AFAF3 /* TextHightHelper.swift */,
				33E0B0E72A618707009FC61C /* Images.swift */,
				338BFD322A58EE5E003AFAF3 /* SystemImages.swift */,
				33E33F1C2A46EC2D00D4E63C /* Assets.xcassets */,
			);
			path = Assets;
			sourceTree = "<group>";
		};
		3396007D2A4861C000725B0E /* Extensions */ = {
			isa = PBXGroup;
			children = (
				334B59512A549F4C008CE597 /* URLSessionExtension .swift */,
				339600852A4862B300725B0E /* DateFormatterExtension.swift */,
				3396009A2A4B6BF900725B0E /* AlignersForScreens.swift */,
				334055762A4F3C27003076F5 /* UIColorExtension.swift */,
				334055782A4F4CC8003076F5 /* UIFontsExtension.swift */,
			);
			path = Extensions;
			sourceTree = "<group>";
		};
		3396007E2A4861CF00725B0E /* ViewControllers */ = {
			isa = PBXGroup;
			children = (
				33E33F172A46EC2B00D4E63C /* MainScreenViewController.swift */,
				339600892A48648B00725B0E /* TaskScreenViewController.swift */,
				3396009C2A4C499500725B0E /* ViewElements */,
			);
			path = ViewControllers;
			sourceTree = "<group>";
		};
		3396007F2A4861E900725B0E /* Model */ = {
			isa = PBXGroup;
			children = (
				3339113F2A5721920031E8C8 /* NetworkingModels */,
				339600812A48623D00725B0E /* ToDoItem.swift */,
				339600A32A4D9A8E00725B0E /* DataManager.swift */,
			);
			path = Model;
			sourceTree = "<group>";
		};
		339600802A4861F100725B0E /* Delegates */ = {
			isa = PBXGroup;
			children = (
				33E33F152A46EC2B00D4E63C /* SceneDelegate.swift */,
				33E33F132A46EC2B00D4E63C /* AppDelegate.swift */,
			);
			path = Delegates;
			sourceTree = "<group>";
		};
		3396008F2A48661C00725B0E /* UIFonts */ = {
			isa = PBXGroup;
			children = (
				339600962A48669900725B0E /* SFProText-Semibold.ttf */,
				339600902A48668600725B0E /* SFProDisplay-Bold.ttf */,
				339600922A48668E00725B0E /* SFProDisplay-Semibold.ttf */,
				339600942A48669400725B0E /* SFProText-Regular.ttf */,
			);
			path = UIFonts;
			sourceTree = "<group>";
		};
		3396009C2A4C499500725B0E /* ViewElements */ = {
			isa = PBXGroup;
			children = (
				339600982A4B6BAA00725B0E /* ViewElementsForMainScreen.swift */,
				3396009F2A4C7F5A00725B0E /* CustomTableViewCell.swift */,
				333028D82A5C85A60008D3AE /* CustomTableViewHeader.swift */,
				3396008B2A4864BB00725B0E /* ViewElementsForTaskScreen.swift */,
			);
			path = ViewElements;
			sourceTree = "<group>";
		};
		33E0B0E92A619097009FC61C /* Notifications */ = {
			isa = PBXGroup;
			children = (
				33E0B0EA2A6190DD009FC61C /* NotificationCenter.swift */,
			);
			path = Notifications;
			sourceTree = "<group>";
		};
		33E33F072A46EC2B00D4E63C = {
			isa = PBXGroup;
			children = (
				33E33F122A46EC2B00D4E63C /* YanDo */,
				33E33F292A46EC2D00D4E63C /* YanDoTests */,
				33E33F332A46EC2D00D4E63C /* YanDoUITests */,
				33E33F112A46EC2B00D4E63C /* Products */,
				BEE0860DA3707104027439B0 /* Pods */,
				B06214079D2FCBA061323069 /* Frameworks */,
			);
			sourceTree = "<group>";
		};
		33E33F112A46EC2B00D4E63C /* Products */ = {
			isa = PBXGroup;
			children = (
				33E33F102A46EC2B00D4E63C /* YanDo.app */,
				33E33F262A46EC2D00D4E63C /* YanDoTests.xctest */,
				33E33F302A46EC2D00D4E63C /* YanDoUITests.xctest */,
			);
			name = Products;
			sourceTree = "<group>";
		};
		33E33F122A46EC2B00D4E63C /* YanDo */ = {
			isa = PBXGroup;
			children = (
				339600802A4861F100725B0E /* Delegates */,
				3396007F2A4861E900725B0E /* Model */,
				3339113B2A56E8420031E8C8 /* Services */,
				3396007E2A4861CF00725B0E /* ViewControllers */,
				3396007D2A4861C000725B0E /* Extensions */,
				33E0B0E92A619097009FC61C /* Notifications */,
				334055882A4F94E3003076F5 /* Logger */,
				3396007C2A4861B100725B0E /* Assets */,
				330FC0202A5F069F00D7A468 /* Databases */,
				33E33F1E2A46EC2D00D4E63C /* LaunchScreen.storyboard */,
				33E33F212A46EC2D00D4E63C /* Info.plist */,
			);
			path = YanDo;
			sourceTree = "<group>";
		};
		33E33F292A46EC2D00D4E63C /* YanDoTests */ = {
			isa = PBXGroup;
			children = (
				33E33F2A2A46EC2D00D4E63C /* YanDoTests.swift */,
			);
			path = YanDoTests;
			sourceTree = "<group>";
		};
		33E33F332A46EC2D00D4E63C /* YanDoUITests */ = {
			isa = PBXGroup;
			children = (
				33E33F342A46EC2D00D4E63C /* YanDoUITests.swift */,
				33E33F362A46EC2D00D4E63C /* YanDoUITestsLaunchTests.swift */,
			);
			path = YanDoUITests;
			sourceTree = "<group>";
		};
		B06214079D2FCBA061323069 /* Frameworks */ = {
			isa = PBXGroup;
			children = (
				5E91ACD02F243DABC65F0202 /* Pods_YanDo.framework */,
				81A1D5A03BA11476944AD78F /* Pods_YanDo_YanDoUITests.framework */,
				58BD9EF7DF96B6671A544495 /* Pods_YanDoTests.framework */,
			);
			name = Frameworks;
			sourceTree = "<group>";
		};
		BEE0860DA3707104027439B0 /* Pods */ = {
			isa = PBXGroup;
			children = (
				105F97A6AB51FF1352992CDF /* Pods-YanDo.debug.xcconfig */,
				8509F8B99EDAA557057253DB /* Pods-YanDo.release.xcconfig */,
				F87C44F6F6795AEB5F870526 /* Pods-YanDo-YanDoUITests.debug.xcconfig */,
				9DD3E9FE4A70DE596F3FB5F6 /* Pods-YanDo-YanDoUITests.release.xcconfig */,
				858FB13B8B6948AFE803A232 /* Pods-YanDoTests.debug.xcconfig */,
				BC0A4B6743A8AE72FBC912E6 /* Pods-YanDoTests.release.xcconfig */,
			);
			path = Pods;
			sourceTree = "<group>";
		};
/* End PBXGroup section */

/* Begin PBXNativeTarget section */
		33E33F0F2A46EC2B00D4E63C /* YanDo */ = {
			isa = PBXNativeTarget;
			buildConfigurationList = 33E33F3A2A46EC2D00D4E63C /* Build configuration list for PBXNativeTarget "YanDo" */;
			buildPhases = (
				013BD3B425FBD74971E2B8FD /* [CP] Check Pods Manifest.lock */,
				3340557B2A4F77C2003076F5 /* Run Script */,
				33E33F0C2A46EC2B00D4E63C /* Sources */,
				33E33F0D2A46EC2B00D4E63C /* Frameworks */,
				33E33F0E2A46EC2B00D4E63C /* Resources */,
			);
			buildRules = (
			);
			dependencies = (
			);
			name = YanDo;
			packageProductDependencies = (
				334055822A4F94B5003076F5 /* CocoaLumberjack */,
				334055842A4F94B5003076F5 /* CocoaLumberjackSwift */,
				334055862A4F94B5003076F5 /* CocoaLumberjackSwiftLogBackend */,
				330DEF012A5DE2620077D8CA /* SQLite */,
			);
			productName = YanDo;
			productReference = 33E33F102A46EC2B00D4E63C /* YanDo.app */;
			productType = "com.apple.product-type.application";
		};
		33E33F252A46EC2D00D4E63C /* YanDoTests */ = {
			isa = PBXNativeTarget;
			buildConfigurationList = 33E33F3D2A46EC2D00D4E63C /* Build configuration list for PBXNativeTarget "YanDoTests" */;
			buildPhases = (
				306E061685AEAD87D164238B /* [CP] Check Pods Manifest.lock */,
				33E33F222A46EC2D00D4E63C /* Sources */,
				33E33F232A46EC2D00D4E63C /* Frameworks */,
				33E33F242A46EC2D00D4E63C /* Resources */,
			);
			buildRules = (
			);
			dependencies = (
				33E33F282A46EC2D00D4E63C /* PBXTargetDependency */,
			);
			name = YanDoTests;
			productName = YanDoTests;
			productReference = 33E33F262A46EC2D00D4E63C /* YanDoTests.xctest */;
			productType = "com.apple.product-type.bundle.unit-test";
		};
		33E33F2F2A46EC2D00D4E63C /* YanDoUITests */ = {
			isa = PBXNativeTarget;
			buildConfigurationList = 33E33F402A46EC2D00D4E63C /* Build configuration list for PBXNativeTarget "YanDoUITests" */;
			buildPhases = (
				D0640560899A7C9EE8E61846 /* [CP] Check Pods Manifest.lock */,
				33E33F2C2A46EC2D00D4E63C /* Sources */,
				33E33F2D2A46EC2D00D4E63C /* Frameworks */,
				33E33F2E2A46EC2D00D4E63C /* Resources */,
			);
			buildRules = (
			);
			dependencies = (
				33E33F322A46EC2D00D4E63C /* PBXTargetDependency */,
			);
			name = YanDoUITests;
			productName = YanDoUITests;
			productReference = 33E33F302A46EC2D00D4E63C /* YanDoUITests.xctest */;
			productType = "com.apple.product-type.bundle.ui-testing";
		};
/* End PBXNativeTarget section */

/* Begin PBXProject section */
		33E33F082A46EC2B00D4E63C /* Project object */ = {
			isa = PBXProject;
			attributes = {
				BuildIndependentTargetsInParallel = 1;
				LastSwiftUpdateCheck = 1420;
				LastUpgradeCheck = 1420;
				TargetAttributes = {
					33E33F0F2A46EC2B00D4E63C = {
						CreatedOnToolsVersion = 14.2;
					};
					33E33F252A46EC2D00D4E63C = {
						CreatedOnToolsVersion = 14.2;
						TestTargetID = 33E33F0F2A46EC2B00D4E63C;
					};
					33E33F2F2A46EC2D00D4E63C = {
						CreatedOnToolsVersion = 14.2;
						TestTargetID = 33E33F0F2A46EC2B00D4E63C;
					};
				};
			};
			buildConfigurationList = 33E33F0B2A46EC2B00D4E63C /* Build configuration list for PBXProject "YanDo" */;
			compatibilityVersion = "Xcode 14.0";
			developmentRegion = en;
			hasScannedForEncodings = 0;
			knownRegions = (
				en,
				Base,
			);
			mainGroup = 33E33F072A46EC2B00D4E63C;
			packageReferences = (
				334055812A4F94B5003076F5 /* XCRemoteSwiftPackageReference "CocoaLumberjack" */,
				330DEF002A5DE2620077D8CA /* XCRemoteSwiftPackageReference "SQLite.swift" */,
			);
			productRefGroup = 33E33F112A46EC2B00D4E63C /* Products */;
			projectDirPath = "";
			projectRoot = "";
			targets = (
				33E33F0F2A46EC2B00D4E63C /* YanDo */,
				33E33F252A46EC2D00D4E63C /* YanDoTests */,
				33E33F2F2A46EC2D00D4E63C /* YanDoUITests */,
			);
		};
/* End PBXProject section */

/* Begin PBXResourcesBuildPhase section */
		33E33F0E2A46EC2B00D4E63C /* Resources */ = {
			isa = PBXResourcesBuildPhase;
			buildActionMask = 2147483647;
			files = (
				330DEF0A2A5DF6050077D8CA /* yandoDatabase.db in Resources */,
				339600912A48668600725B0E /* SFProDisplay-Bold.ttf in Resources */,
				339600932A48668E00725B0E /* SFProDisplay-Semibold.ttf in Resources */,
				33E33F202A46EC2D00D4E63C /* LaunchScreen.storyboard in Resources */,
				339600952A48669400725B0E /* SFProText-Regular.ttf in Resources */,
				33E33F1D2A46EC2D00D4E63C /* Assets.xcassets in Resources */,
				339600972A48669900725B0E /* SFProText-Semibold.ttf in Resources */,
			);
			runOnlyForDeploymentPostprocessing = 0;
		};
		33E33F242A46EC2D00D4E63C /* Resources */ = {
			isa = PBXResourcesBuildPhase;
			buildActionMask = 2147483647;
			files = (
			);
			runOnlyForDeploymentPostprocessing = 0;
		};
		33E33F2E2A46EC2D00D4E63C /* Resources */ = {
			isa = PBXResourcesBuildPhase;
			buildActionMask = 2147483647;
			files = (
			);
			runOnlyForDeploymentPostprocessing = 0;
		};
/* End PBXResourcesBuildPhase section */

/* Begin PBXShellScriptBuildPhase section */
		013BD3B425FBD74971E2B8FD /* [CP] Check Pods Manifest.lock */ = {
			isa = PBXShellScriptBuildPhase;
			buildActionMask = 2147483647;
			files = (
			);
			inputFileListPaths = (
			);
			inputPaths = (
				"${PODS_PODFILE_DIR_PATH}/Podfile.lock",
				"${PODS_ROOT}/Manifest.lock",
			);
			name = "[CP] Check Pods Manifest.lock";
			outputFileListPaths = (
			);
			outputPaths = (
				"$(DERIVED_FILE_DIR)/Pods-YanDo-checkManifestLockResult.txt",
			);
			runOnlyForDeploymentPostprocessing = 0;
			shellPath = /bin/sh;
			shellScript = "diff \"${PODS_PODFILE_DIR_PATH}/Podfile.lock\" \"${PODS_ROOT}/Manifest.lock\" > /dev/null\nif [ $? != 0 ] ; then\n    # print error to STDERR\n    echo \"error: The sandbox is not in sync with the Podfile.lock. Run 'pod install' or update your CocoaPods installation.\" >&2\n    exit 1\nfi\n# This output is used by Xcode 'outputs' to avoid re-running this script phase.\necho \"SUCCESS\" > \"${SCRIPT_OUTPUT_FILE_0}\"\n";
			showEnvVarsInLog = 0;
		};
		306E061685AEAD87D164238B /* [CP] Check Pods Manifest.lock */ = {
			isa = PBXShellScriptBuildPhase;
			buildActionMask = 2147483647;
			files = (
			);
			inputFileListPaths = (
			);
			inputPaths = (
				"${PODS_PODFILE_DIR_PATH}/Podfile.lock",
				"${PODS_ROOT}/Manifest.lock",
			);
			name = "[CP] Check Pods Manifest.lock";
			outputFileListPaths = (
			);
			outputPaths = (
				"$(DERIVED_FILE_DIR)/Pods-YanDoTests-checkManifestLockResult.txt",
			);
			runOnlyForDeploymentPostprocessing = 0;
			shellPath = /bin/sh;
			shellScript = "diff \"${PODS_PODFILE_DIR_PATH}/Podfile.lock\" \"${PODS_ROOT}/Manifest.lock\" > /dev/null\nif [ $? != 0 ] ; then\n    # print error to STDERR\n    echo \"error: The sandbox is not in sync with the Podfile.lock. Run 'pod install' or update your CocoaPods installation.\" >&2\n    exit 1\nfi\n# This output is used by Xcode 'outputs' to avoid re-running this script phase.\necho \"SUCCESS\" > \"${SCRIPT_OUTPUT_FILE_0}\"\n";
			showEnvVarsInLog = 0;
		};
		3340557B2A4F77C2003076F5 /* Run Script */ = {
			isa = PBXShellScriptBuildPhase;
			alwaysOutOfDate = 1;
			buildActionMask = 2147483647;
			files = (
			);
			inputFileListPaths = (
			);
			inputPaths = (
			);
			name = "Run Script";
			outputFileListPaths = (
			);
			outputPaths = (
			);
			runOnlyForDeploymentPostprocessing = 0;
			shellPath = /bin/sh;
			shellScript = "\"${PODS_ROOT}/SwiftLint/swiftlint\"\n";
		};
		D0640560899A7C9EE8E61846 /* [CP] Check Pods Manifest.lock */ = {
			isa = PBXShellScriptBuildPhase;
			buildActionMask = 2147483647;
			files = (
			);
			inputFileListPaths = (
			);
			inputPaths = (
				"${PODS_PODFILE_DIR_PATH}/Podfile.lock",
				"${PODS_ROOT}/Manifest.lock",
			);
			name = "[CP] Check Pods Manifest.lock";
			outputFileListPaths = (
			);
			outputPaths = (
				"$(DERIVED_FILE_DIR)/Pods-YanDo-YanDoUITests-checkManifestLockResult.txt",
			);
			runOnlyForDeploymentPostprocessing = 0;
			shellPath = /bin/sh;
			shellScript = "diff \"${PODS_PODFILE_DIR_PATH}/Podfile.lock\" \"${PODS_ROOT}/Manifest.lock\" > /dev/null\nif [ $? != 0 ] ; then\n    # print error to STDERR\n    echo \"error: The sandbox is not in sync with the Podfile.lock. Run 'pod install' or update your CocoaPods installation.\" >&2\n    exit 1\nfi\n# This output is used by Xcode 'outputs' to avoid re-running this script phase.\necho \"SUCCESS\" > \"${SCRIPT_OUTPUT_FILE_0}\"\n";
			showEnvVarsInLog = 0;
		};
/* End PBXShellScriptBuildPhase section */

/* Begin PBXSourcesBuildPhase section */
		33E33F0C2A46EC2B00D4E63C /* Sources */ = {
			isa = PBXSourcesBuildPhase;
			buildActionMask = 2147483647;
			files = (
				339600A42A4D9A8E00725B0E /* DataManager.swift in Sources */,
				3340558C2A4F9582003076F5 /* Logger.swift in Sources */,
				330FC01D2A5EE80200D7A468 /* yandoCoredata.xcdatamodeld in Sources */,
				338BFD332A58EE5E003AFAF3 /* SystemImages.swift in Sources */,
				333911412A5721AD0031E8C8 /* NetToDoItem.swift in Sources */,
				33E33F182A46EC2B00D4E63C /* MainScreenViewController.swift in Sources */,
				338BFD3C2A58F7B1003AFAF3 /* NetworkingService.swift in Sources */,
				33E0B0EB2A6190DD009FC61C /* NotificationCenter.swift in Sources */,
				33E33F142A46EC2B00D4E63C /* AppDelegate.swift in Sources */,
				3396009B2A4B6BF900725B0E /* AlignersForScreens.swift in Sources */,
				334055792A4F4CC8003076F5 /* UIFontsExtension.swift in Sources */,
				33E0B0E82A618707009FC61C /* Images.swift in Sources */,
				33E0B0E62A618301009FC61C /* Text.swift in Sources */,
				339600862A4862B300725B0E /* DateFormatterExtension.swift in Sources */,
				330FC01F2A5EFD0F00D7A468 /* CoreDataBase.swift in Sources */,
				3396008A2A48648B00725B0E /* TaskScreenViewController.swift in Sources */,
				334B59522A549F4C008CE597 /* URLSessionExtension .swift in Sources */,
				339600822A48623D00725B0E /* ToDoItem.swift in Sources */,
				333911452A5727D70031E8C8 /* NetworkingManager.swift in Sources */,
				339600992A4B6BAA00725B0E /* ViewElementsForMainScreen.swift in Sources */,
				339600A02A4C7F5A00725B0E /* CustomTableViewCell.swift in Sources */,
				338BFD2F2A58DCAC003AFAF3 /* TextHightHelper.swift in Sources */,
				333911432A57242D0031E8C8 /* NetCollections.swift in Sources */,
				3396008C2A4864BB00725B0E /* ViewElementsForTaskScreen.swift in Sources */,
				338BFD412A58FDE0003AFAF3 /* DefaultNetworkingService.swift in Sources */,
				330DEF042A5DE2C80077D8CA /* SQLBase.swift in Sources */,
				333028D92A5C85A60008D3AE /* CustomTableViewHeader.swift in Sources */,
				33E33F162A46EC2B00D4E63C /* SceneDelegate.swift in Sources */,
				33E0B0ED2A620295009FC61C /* FileCache.swift in Sources */,
				334055772A4F3C27003076F5 /* UIColorExtension.swift in Sources */,
			);
			runOnlyForDeploymentPostprocessing = 0;
		};
		33E33F222A46EC2D00D4E63C /* Sources */ = {
			isa = PBXSourcesBuildPhase;
			buildActionMask = 2147483647;
			files = (
				33E33F2B2A46EC2D00D4E63C /* YanDoTests.swift in Sources */,
			);
			runOnlyForDeploymentPostprocessing = 0;
		};
		33E33F2C2A46EC2D00D4E63C /* Sources */ = {
			isa = PBXSourcesBuildPhase;
			buildActionMask = 2147483647;
			files = (
				33E33F372A46EC2D00D4E63C /* YanDoUITestsLaunchTests.swift in Sources */,
				33E33F352A46EC2D00D4E63C /* YanDoUITests.swift in Sources */,
			);
			runOnlyForDeploymentPostprocessing = 0;
		};
/* End PBXSourcesBuildPhase section */

/* Begin PBXTargetDependency section */
		33E33F282A46EC2D00D4E63C /* PBXTargetDependency */ = {
			isa = PBXTargetDependency;
			target = 33E33F0F2A46EC2B00D4E63C /* YanDo */;
			targetProxy = 33E33F272A46EC2D00D4E63C /* PBXContainerItemProxy */;
		};
		33E33F322A46EC2D00D4E63C /* PBXTargetDependency */ = {
			isa = PBXTargetDependency;
			target = 33E33F0F2A46EC2B00D4E63C /* YanDo */;
			targetProxy = 33E33F312A46EC2D00D4E63C /* PBXContainerItemProxy */;
		};
/* End PBXTargetDependency section */

/* Begin PBXVariantGroup section */
		33E33F1E2A46EC2D00D4E63C /* LaunchScreen.storyboard */ = {
			isa = PBXVariantGroup;
			children = (
				33E33F1F2A46EC2D00D4E63C /* Base */,
			);
			name = LaunchScreen.storyboard;
			sourceTree = "<group>";
		};
/* End PBXVariantGroup section */

/* Begin XCBuildConfiguration section */
		33E33F382A46EC2D00D4E63C /* Debug */ = {
			isa = XCBuildConfiguration;
			buildSettings = {
				ALWAYS_SEARCH_USER_PATHS = NO;
				CLANG_ANALYZER_NONNULL = YES;
				CLANG_ANALYZER_NUMBER_OBJECT_CONVERSION = YES_AGGRESSIVE;
				CLANG_CXX_LANGUAGE_STANDARD = "gnu++20";
				CLANG_ENABLE_MODULES = YES;
				CLANG_ENABLE_OBJC_ARC = YES;
				CLANG_ENABLE_OBJC_WEAK = YES;
				CLANG_WARN_BLOCK_CAPTURE_AUTORELEASING = YES;
				CLANG_WARN_BOOL_CONVERSION = YES;
				CLANG_WARN_COMMA = YES;
				CLANG_WARN_CONSTANT_CONVERSION = YES;
				CLANG_WARN_DEPRECATED_OBJC_IMPLEMENTATIONS = YES;
				CLANG_WARN_DIRECT_OBJC_ISA_USAGE = YES_ERROR;
				CLANG_WARN_DOCUMENTATION_COMMENTS = YES;
				CLANG_WARN_EMPTY_BODY = YES;
				CLANG_WARN_ENUM_CONVERSION = YES;
				CLANG_WARN_INFINITE_RECURSION = YES;
				CLANG_WARN_INT_CONVERSION = YES;
				CLANG_WARN_NON_LITERAL_NULL_CONVERSION = YES;
				CLANG_WARN_OBJC_IMPLICIT_RETAIN_SELF = YES;
				CLANG_WARN_OBJC_LITERAL_CONVERSION = YES;
				CLANG_WARN_OBJC_ROOT_CLASS = YES_ERROR;
				CLANG_WARN_QUOTED_INCLUDE_IN_FRAMEWORK_HEADER = YES;
				CLANG_WARN_RANGE_LOOP_ANALYSIS = YES;
				CLANG_WARN_STRICT_PROTOTYPES = YES;
				CLANG_WARN_SUSPICIOUS_MOVE = YES;
				CLANG_WARN_UNGUARDED_AVAILABILITY = YES_AGGRESSIVE;
				CLANG_WARN_UNREACHABLE_CODE = YES;
				CLANG_WARN__DUPLICATE_METHOD_MATCH = YES;
				COPY_PHASE_STRIP = NO;
				DEBUG_INFORMATION_FORMAT = dwarf;
				ENABLE_STRICT_OBJC_MSGSEND = YES;
				ENABLE_TESTABILITY = YES;
				GCC_C_LANGUAGE_STANDARD = gnu11;
				GCC_DYNAMIC_NO_PIC = NO;
				GCC_NO_COMMON_BLOCKS = YES;
				GCC_OPTIMIZATION_LEVEL = 0;
				GCC_PREPROCESSOR_DEFINITIONS = (
					"DEBUG=1",
					"$(inherited)",
				);
				GCC_WARN_64_TO_32_BIT_CONVERSION = YES;
				GCC_WARN_ABOUT_RETURN_TYPE = YES_ERROR;
				GCC_WARN_UNDECLARED_SELECTOR = YES;
				GCC_WARN_UNINITIALIZED_AUTOS = YES_AGGRESSIVE;
				GCC_WARN_UNUSED_FUNCTION = YES;
				GCC_WARN_UNUSED_VARIABLE = YES;
				IPHONEOS_DEPLOYMENT_TARGET = 16.2;
				MTL_ENABLE_DEBUG_INFO = INCLUDE_SOURCE;
				MTL_FAST_MATH = YES;
				ONLY_ACTIVE_ARCH = YES;
				SDKROOT = iphoneos;
				SWIFT_ACTIVE_COMPILATION_CONDITIONS = DEBUG;
				SWIFT_OPTIMIZATION_LEVEL = "-Onone";
			};
			name = Debug;
		};
		33E33F392A46EC2D00D4E63C /* Release */ = {
			isa = XCBuildConfiguration;
			buildSettings = {
				ALWAYS_SEARCH_USER_PATHS = NO;
				CLANG_ANALYZER_NONNULL = YES;
				CLANG_ANALYZER_NUMBER_OBJECT_CONVERSION = YES_AGGRESSIVE;
				CLANG_CXX_LANGUAGE_STANDARD = "gnu++20";
				CLANG_ENABLE_MODULES = YES;
				CLANG_ENABLE_OBJC_ARC = YES;
				CLANG_ENABLE_OBJC_WEAK = YES;
				CLANG_WARN_BLOCK_CAPTURE_AUTORELEASING = YES;
				CLANG_WARN_BOOL_CONVERSION = YES;
				CLANG_WARN_COMMA = YES;
				CLANG_WARN_CONSTANT_CONVERSION = YES;
				CLANG_WARN_DEPRECATED_OBJC_IMPLEMENTATIONS = YES;
				CLANG_WARN_DIRECT_OBJC_ISA_USAGE = YES_ERROR;
				CLANG_WARN_DOCUMENTATION_COMMENTS = YES;
				CLANG_WARN_EMPTY_BODY = YES;
				CLANG_WARN_ENUM_CONVERSION = YES;
				CLANG_WARN_INFINITE_RECURSION = YES;
				CLANG_WARN_INT_CONVERSION = YES;
				CLANG_WARN_NON_LITERAL_NULL_CONVERSION = YES;
				CLANG_WARN_OBJC_IMPLICIT_RETAIN_SELF = YES;
				CLANG_WARN_OBJC_LITERAL_CONVERSION = YES;
				CLANG_WARN_OBJC_ROOT_CLASS = YES_ERROR;
				CLANG_WARN_QUOTED_INCLUDE_IN_FRAMEWORK_HEADER = YES;
				CLANG_WARN_RANGE_LOOP_ANALYSIS = YES;
				CLANG_WARN_STRICT_PROTOTYPES = YES;
				CLANG_WARN_SUSPICIOUS_MOVE = YES;
				CLANG_WARN_UNGUARDED_AVAILABILITY = YES_AGGRESSIVE;
				CLANG_WARN_UNREACHABLE_CODE = YES;
				CLANG_WARN__DUPLICATE_METHOD_MATCH = YES;
				COPY_PHASE_STRIP = NO;
				DEBUG_INFORMATION_FORMAT = "dwarf-with-dsym";
				ENABLE_NS_ASSERTIONS = NO;
				ENABLE_STRICT_OBJC_MSGSEND = YES;
				GCC_C_LANGUAGE_STANDARD = gnu11;
				GCC_NO_COMMON_BLOCKS = YES;
				GCC_WARN_64_TO_32_BIT_CONVERSION = YES;
				GCC_WARN_ABOUT_RETURN_TYPE = YES_ERROR;
				GCC_WARN_UNDECLARED_SELECTOR = YES;
				GCC_WARN_UNINITIALIZED_AUTOS = YES_AGGRESSIVE;
				GCC_WARN_UNUSED_FUNCTION = YES;
				GCC_WARN_UNUSED_VARIABLE = YES;
				IPHONEOS_DEPLOYMENT_TARGET = 16.2;
				MTL_ENABLE_DEBUG_INFO = NO;
				MTL_FAST_MATH = YES;
				SDKROOT = iphoneos;
				SWIFT_COMPILATION_MODE = wholemodule;
				SWIFT_OPTIMIZATION_LEVEL = "-O";
				VALIDATE_PRODUCT = YES;
			};
			name = Release;
		};
		33E33F3B2A46EC2D00D4E63C /* Debug */ = {
			isa = XCBuildConfiguration;
			baseConfigurationReference = 105F97A6AB51FF1352992CDF /* Pods-YanDo.debug.xcconfig */;
			buildSettings = {
				ASSETCATALOG_COMPILER_APPICON_NAME = AppIcon;
				ASSETCATALOG_COMPILER_GLOBAL_ACCENT_COLOR_NAME = AccentColor;
				CODE_SIGN_STYLE = Automatic;
				CURRENT_PROJECT_VERSION = 1;
				DEVELOPMENT_TEAM = C9GRWZY5P5;
				GENERATE_INFOPLIST_FILE = YES;
				INFOPLIST_FILE = YanDo/Info.plist;
				INFOPLIST_KEY_UIApplicationSupportsIndirectInputEvents = YES;
				INFOPLIST_KEY_UILaunchStoryboardName = LaunchScreen;
				INFOPLIST_KEY_UISupportedInterfaceOrientations = UIInterfaceOrientationPortrait;
				INFOPLIST_KEY_UISupportedInterfaceOrientations_iPad = "UIInterfaceOrientationLandscapeLeft UIInterfaceOrientationLandscapeRight UIInterfaceOrientationPortrait UIInterfaceOrientationPortraitUpsideDown";
				IPHONEOS_DEPLOYMENT_TARGET = 15.0;
				LD_RUNPATH_SEARCH_PATHS = (
					"$(inherited)",
					"@executable_path/Frameworks",
				);
				MARKETING_VERSION = 1.0;
				PRODUCT_BUNDLE_IDENTIFIER = Alexandra.YanDo;
				PRODUCT_NAME = "$(TARGET_NAME)";
				SUPPORTED_PLATFORMS = "iphoneos iphonesimulator";
				SUPPORTS_MACCATALYST = NO;
				SUPPORTS_MAC_DESIGNED_FOR_IPHONE_IPAD = NO;
				SWIFT_EMIT_LOC_STRINGS = YES;
				SWIFT_VERSION = 5.0;
				TARGETED_DEVICE_FAMILY = 1;
			};
			name = Debug;
		};
		33E33F3C2A46EC2D00D4E63C /* Release */ = {
			isa = XCBuildConfiguration;
			baseConfigurationReference = 8509F8B99EDAA557057253DB /* Pods-YanDo.release.xcconfig */;
			buildSettings = {
				ASSETCATALOG_COMPILER_APPICON_NAME = AppIcon;
				ASSETCATALOG_COMPILER_GLOBAL_ACCENT_COLOR_NAME = AccentColor;
				CODE_SIGN_STYLE = Automatic;
				CURRENT_PROJECT_VERSION = 1;
				DEVELOPMENT_TEAM = C9GRWZY5P5;
				GENERATE_INFOPLIST_FILE = YES;
				INFOPLIST_FILE = YanDo/Info.plist;
				INFOPLIST_KEY_UIApplicationSupportsIndirectInputEvents = YES;
				INFOPLIST_KEY_UILaunchStoryboardName = LaunchScreen;
				INFOPLIST_KEY_UISupportedInterfaceOrientations = UIInterfaceOrientationPortrait;
				INFOPLIST_KEY_UISupportedInterfaceOrientations_iPad = "UIInterfaceOrientationLandscapeLeft UIInterfaceOrientationLandscapeRight UIInterfaceOrientationPortrait UIInterfaceOrientationPortraitUpsideDown";
				IPHONEOS_DEPLOYMENT_TARGET = 15.0;
				LD_RUNPATH_SEARCH_PATHS = (
					"$(inherited)",
					"@executable_path/Frameworks",
				);
				MARKETING_VERSION = 1.0;
				PRODUCT_BUNDLE_IDENTIFIER = Alexandra.YanDo;
				PRODUCT_NAME = "$(TARGET_NAME)";
				SUPPORTED_PLATFORMS = "iphoneos iphonesimulator";
				SUPPORTS_MACCATALYST = NO;
				SUPPORTS_MAC_DESIGNED_FOR_IPHONE_IPAD = NO;
				SWIFT_EMIT_LOC_STRINGS = YES;
				SWIFT_VERSION = 5.0;
				TARGETED_DEVICE_FAMILY = 1;
			};
			name = Release;
		};
		33E33F3E2A46EC2D00D4E63C /* Debug */ = {
			isa = XCBuildConfiguration;
			baseConfigurationReference = 858FB13B8B6948AFE803A232 /* Pods-YanDoTests.debug.xcconfig */;
			buildSettings = {
				ALWAYS_EMBED_SWIFT_STANDARD_LIBRARIES = YES;
				BUNDLE_LOADER = "$(TEST_HOST)";
				CODE_SIGN_STYLE = Automatic;
				CURRENT_PROJECT_VERSION = 1;
				DEVELOPMENT_TEAM = C9GRWZY5P5;
				GENERATE_INFOPLIST_FILE = YES;
				IPHONEOS_DEPLOYMENT_TARGET = 16.2;
				MARKETING_VERSION = 1.0;
				PRODUCT_BUNDLE_IDENTIFIER = Alexandra.YanDoTests;
				PRODUCT_NAME = "$(TARGET_NAME)";
				SWIFT_EMIT_LOC_STRINGS = NO;
				SWIFT_VERSION = 5.0;
				TARGETED_DEVICE_FAMILY = "1,2";
				TEST_HOST = "$(BUILT_PRODUCTS_DIR)/YanDo.app/$(BUNDLE_EXECUTABLE_FOLDER_PATH)/YanDo";
			};
			name = Debug;
		};
		33E33F3F2A46EC2D00D4E63C /* Release */ = {
			isa = XCBuildConfiguration;
			baseConfigurationReference = BC0A4B6743A8AE72FBC912E6 /* Pods-YanDoTests.release.xcconfig */;
			buildSettings = {
				ALWAYS_EMBED_SWIFT_STANDARD_LIBRARIES = YES;
				BUNDLE_LOADER = "$(TEST_HOST)";
				CODE_SIGN_STYLE = Automatic;
				CURRENT_PROJECT_VERSION = 1;
				DEVELOPMENT_TEAM = C9GRWZY5P5;
				GENERATE_INFOPLIST_FILE = YES;
				IPHONEOS_DEPLOYMENT_TARGET = 16.2;
				MARKETING_VERSION = 1.0;
				PRODUCT_BUNDLE_IDENTIFIER = Alexandra.YanDoTests;
				PRODUCT_NAME = "$(TARGET_NAME)";
				SWIFT_EMIT_LOC_STRINGS = NO;
				SWIFT_VERSION = 5.0;
				TARGETED_DEVICE_FAMILY = "1,2";
				TEST_HOST = "$(BUILT_PRODUCTS_DIR)/YanDo.app/$(BUNDLE_EXECUTABLE_FOLDER_PATH)/YanDo";
			};
			name = Release;
		};
		33E33F412A46EC2D00D4E63C /* Debug */ = {
			isa = XCBuildConfiguration;
			baseConfigurationReference = F87C44F6F6795AEB5F870526 /* Pods-YanDo-YanDoUITests.debug.xcconfig */;
			buildSettings = {
				ALWAYS_EMBED_SWIFT_STANDARD_LIBRARIES = YES;
				CODE_SIGN_STYLE = Automatic;
				CURRENT_PROJECT_VERSION = 1;
				DEVELOPMENT_TEAM = C9GRWZY5P5;
				GENERATE_INFOPLIST_FILE = YES;
				MARKETING_VERSION = 1.0;
				PRODUCT_BUNDLE_IDENTIFIER = Alexandra.YanDoUITests;
				PRODUCT_NAME = "$(TARGET_NAME)";
				SWIFT_EMIT_LOC_STRINGS = NO;
				SWIFT_VERSION = 5.0;
				TARGETED_DEVICE_FAMILY = "1,2";
				TEST_TARGET_NAME = YanDo;
			};
			name = Debug;
		};
		33E33F422A46EC2D00D4E63C /* Release */ = {
			isa = XCBuildConfiguration;
			baseConfigurationReference = 9DD3E9FE4A70DE596F3FB5F6 /* Pods-YanDo-YanDoUITests.release.xcconfig */;
			buildSettings = {
				ALWAYS_EMBED_SWIFT_STANDARD_LIBRARIES = YES;
				CODE_SIGN_STYLE = Automatic;
				CURRENT_PROJECT_VERSION = 1;
				DEVELOPMENT_TEAM = C9GRWZY5P5;
				GENERATE_INFOPLIST_FILE = YES;
				MARKETING_VERSION = 1.0;
				PRODUCT_BUNDLE_IDENTIFIER = Alexandra.YanDoUITests;
				PRODUCT_NAME = "$(TARGET_NAME)";
				SWIFT_EMIT_LOC_STRINGS = NO;
				SWIFT_VERSION = 5.0;
				TARGETED_DEVICE_FAMILY = "1,2";
				TEST_TARGET_NAME = YanDo;
			};
			name = Release;
		};
/* End XCBuildConfiguration section */

/* Begin XCConfigurationList section */
		33E33F0B2A46EC2B00D4E63C /* Build configuration list for PBXProject "YanDo" */ = {
			isa = XCConfigurationList;
			buildConfigurations = (
				33E33F382A46EC2D00D4E63C /* Debug */,
				33E33F392A46EC2D00D4E63C /* Release */,
			);
			defaultConfigurationIsVisible = 0;
			defaultConfigurationName = Release;
		};
		33E33F3A2A46EC2D00D4E63C /* Build configuration list for PBXNativeTarget "YanDo" */ = {
			isa = XCConfigurationList;
			buildConfigurations = (
				33E33F3B2A46EC2D00D4E63C /* Debug */,
				33E33F3C2A46EC2D00D4E63C /* Release */,
			);
			defaultConfigurationIsVisible = 0;
			defaultConfigurationName = Release;
		};
		33E33F3D2A46EC2D00D4E63C /* Build configuration list for PBXNativeTarget "YanDoTests" */ = {
			isa = XCConfigurationList;
			buildConfigurations = (
				33E33F3E2A46EC2D00D4E63C /* Debug */,
				33E33F3F2A46EC2D00D4E63C /* Release */,
			);
			defaultConfigurationIsVisible = 0;
			defaultConfigurationName = Release;
		};
		33E33F402A46EC2D00D4E63C /* Build configuration list for PBXNativeTarget "YanDoUITests" */ = {
			isa = XCConfigurationList;
			buildConfigurations = (
				33E33F412A46EC2D00D4E63C /* Debug */,
				33E33F422A46EC2D00D4E63C /* Release */,
			);
			defaultConfigurationIsVisible = 0;
			defaultConfigurationName = Release;
		};
/* End XCConfigurationList section */

/* Begin XCRemoteSwiftPackageReference section */
		330DEF002A5DE2620077D8CA /* XCRemoteSwiftPackageReference "SQLite.swift" */ = {
			isa = XCRemoteSwiftPackageReference;
			repositoryURL = "https://github.com/stephencelis/SQLite.swift.git";
			requirement = {
				kind = upToNextMajorVersion;
				minimumVersion = 0.14.1;
			};
		};
		334055812A4F94B5003076F5 /* XCRemoteSwiftPackageReference "CocoaLumberjack" */ = {
			isa = XCRemoteSwiftPackageReference;
			repositoryURL = "https://github.com/CocoaLumberjack/CocoaLumberjack.git";
			requirement = {
				branch = master;
				kind = branch;
			};
		};
/* End XCRemoteSwiftPackageReference section */

/* Begin XCSwiftPackageProductDependency section */
		330DEF012A5DE2620077D8CA /* SQLite */ = {
			isa = XCSwiftPackageProductDependency;
			package = 330DEF002A5DE2620077D8CA /* XCRemoteSwiftPackageReference "SQLite.swift" */;
			productName = SQLite;
		};
		334055822A4F94B5003076F5 /* CocoaLumberjack */ = {
			isa = XCSwiftPackageProductDependency;
			package = 334055812A4F94B5003076F5 /* XCRemoteSwiftPackageReference "CocoaLumberjack" */;
			productName = CocoaLumberjack;
		};
		334055842A4F94B5003076F5 /* CocoaLumberjackSwift */ = {
			isa = XCSwiftPackageProductDependency;
			package = 334055812A4F94B5003076F5 /* XCRemoteSwiftPackageReference "CocoaLumberjack" */;
			productName = CocoaLumberjackSwift;
		};
		334055862A4F94B5003076F5 /* CocoaLumberjackSwiftLogBackend */ = {
			isa = XCSwiftPackageProductDependency;
			package = 334055812A4F94B5003076F5 /* XCRemoteSwiftPackageReference "CocoaLumberjack" */;
			productName = CocoaLumberjackSwiftLogBackend;
		};
/* End XCSwiftPackageProductDependency section */

/* Begin XCVersionGroup section */
		330FC01B2A5EE80200D7A468 /* yandoCoredata.xcdatamodeld */ = {
			isa = XCVersionGroup;
			children = (
				330FC01C2A5EE80200D7A468 /* yandoCoredata.xcdatamodel */,
			);
			currentVersion = 330FC01C2A5EE80200D7A468 /* yandoCoredata.xcdatamodel */;
			path = yandoCoredata.xcdatamodeld;
			sourceTree = "<group>";
			versionGroupType = wrapper.xcdatamodel;
		};
/* End XCVersionGroup section */
	};
	rootObject = 33E33F082A46EC2B00D4E63C /* Project object */;
}
